<?xml version="1.0" encoding="utf-8"?>
<Project ToolsVersion="4.0" xmlns="http://schemas.microsoft.com/developer/msbuild/2003">
  <ItemGroup>
    <Filter Include="audio">
      <UniqueIdentifier>{d10d6999-9939-46ae-b447-9f4549fca53e}</UniqueIdentifier>
    </Filter>
    <Filter Include="const">
      <UniqueIdentifier>{a7782218-c554-41d0-a32b-97efc1e42cec}</UniqueIdentifier>
    </Filter>
    <Filter Include="effect">
      <UniqueIdentifier>{32b9e033-b9b1-46b5-8843-83507d1e0b74}</UniqueIdentifier>
    </Filter>
    <Filter Include="event">
      <UniqueIdentifier>{cb9f81ad-5bdf-4440-b7dc-b91ed07a9191}</UniqueIdentifier>
    </Filter>
    <Filter Include="misc">
      <UniqueIdentifier>{0a4b4912-9f36-4710-be3e-3c5651e79c83}</UniqueIdentifier>
    </Filter>
    <Filter Include="model">
      <UniqueIdentifier>{4a8616ad-3755-4360-89f8-c56ab2fa9028}</UniqueIdentifier>
    </Filter>
    <Filter Include="other">
      <UniqueIdentifier>{3712affe-7da1-4855-89f8-7435a5f0e99b}</UniqueIdentifier>
    </Filter>
    <Filter Include="physics">
      <UniqueIdentifier>{b8f7dbe9-dd4e-4814-b43b-ebb270eb8f66}</UniqueIdentifier>
    </Filter>
    <Filter Include="platform">
      <UniqueIdentifier>{65bcc086-b61c-4a50-9707-7015b54ca7e9}</UniqueIdentifier>
    </Filter>
  </ItemGroup>
  <ItemGroup>
    <ClCompile Include="..\const\oDefine.cpp">
      <Filter>const</Filter>
    </ClCompile>
    <ClCompile Include="..\misc\oContent.cpp">
      <Filter>misc</Filter>
    </ClCompile>
    <ClCompile Include="..\misc\oHelper.cpp">
      <Filter>misc</Filter>
    </ClCompile>
    <ClCompile Include="..\misc\oLine.cpp">
      <Filter>misc</Filter>
    </ClCompile>
    <ClCompile Include="..\misc\oNode3D.cpp">
      <Filter>misc</Filter>
    </ClCompile>
    <ClCompile Include="..\misc\oScriptHandler.cpp">
      <Filter>misc</Filter>
    </ClCompile>
    <ClCompile Include="..\misc\oVec2.cpp">
      <Filter>misc</Filter>
    </ClCompile>
    <ClCompile Include="..\model\oActionDuration.cpp">
      <Filter>model</Filter>
    </ClCompile>
    <ClCompile Include="..\model\oAnimation.cpp">
      <Filter>model</Filter>
    </ClCompile>
    <ClCompile Include="..\model\oClip.cpp">
      <Filter>model</Filter>
    </ClCompile>
    <ClCompile Include="..\model\oEase.cpp">
      <Filter>model</Filter>
    </ClCompile>
    <ClCompile Include="..\model\oFace.cpp">
      <Filter>model</Filter>
    </ClCompile>
    <ClCompile Include="..\model\oKeyFrame.cpp">
      <Filter>model</Filter>
    </ClCompile>
    <ClCompile Include="..\model\oKeyFrameDef.cpp">
      <Filter>model</Filter>
    </ClCompile>
    <ClCompile Include="..\model\oModel.cpp">
      <Filter>model</Filter>
    </ClCompile>
    <ClCompile Include="..\model\oModelCache.cpp">
      <Filter>model</Filter>
    </ClCompile>
    <ClCompile Include="..\model\oModelDef.cpp">
      <Filter>model</Filter>
    </ClCompile>
    <ClCompile Include="..\model\oSequence.cpp">
      <Filter>model</Filter>
    </ClCompile>
    <ClCompile Include="..\other\DebugDraw.cpp">
      <Filter>other</Filter>
    </ClCompile>
    <ClCompile Include="..\platform\oAction.cpp">
      <Filter>platform</Filter>
    </ClCompile>
    <ClCompile Include="..\platform\oAI.cpp">
      <Filter>platform</Filter>
    </ClCompile>
    <ClCompile Include="..\platform\oAINode.cpp">
      <Filter>platform</Filter>
    </ClCompile>
    <ClCompile Include="..\platform\oBullet.cpp">
      <Filter>platform</Filter>
    </ClCompile>
    <ClCompile Include="..\platform\oBulletDef.cpp">
      <Filter>platform</Filter>
    </ClCompile>
    <ClCompile Include="..\platform\oCamera.cpp">
      <Filter>platform</Filter>
    </ClCompile>
    <ClCompile Include="..\platform\oData.cpp">
      <Filter>platform</Filter>
    </ClCompile>
    <ClCompile Include="..\platform\oPlatformDefine.cpp">
      <Filter>platform</Filter>
    </ClCompile>
    <ClCompile Include="..\platform\oPlatformWorld.cpp">
      <Filter>platform</Filter>
    </ClCompile>
    <ClCompile Include="..\platform\oProperty.cpp">
      <Filter>platform</Filter>
    </ClCompile>
    <ClCompile Include="..\platform\oUnit.cpp">
      <Filter>platform</Filter>
    </ClCompile>
    <ClCompile Include="..\platform\oUnitDef.cpp">
      <Filter>platform</Filter>
    </ClCompile>
    <ClCompile Include="..\effect\oEffectCache.cpp">
      <Filter>effect</Filter>
    </ClCompile>
    <ClCompile Include="..\effect\oParticleCache.cpp">
      <Filter>effect</Filter>
    </ClCompile>
    <ClCompile Include="..\physics\oBody.cpp">
      <Filter>physics</Filter>
    </ClCompile>
    <ClCompile Include="..\physics\oBodyDef.cpp">
      <Filter>physics</Filter>
    </ClCompile>
    <ClCompile Include="..\physics\oJoint.cpp">
      <Filter>physics</Filter>
    </ClCompile>
    <ClCompile Include="..\physics\oSensor.cpp">
      <Filter>physics</Filter>
    </ClCompile>
    <ClCompile Include="..\physics\oWorld.cpp">
      <Filter>physics</Filter>
    </ClCompile>
    <ClCompile Include="..\event\oEvent.cpp">
      <Filter>event</Filter>
    </ClCompile>
    <ClCompile Include="..\event\oEventType.cpp">
      <Filter>event</Filter>
    </ClCompile>
    <ClCompile Include="..\event\oListener.cpp">
      <Filter>event</Filter>
    </ClCompile>
    <ClCompile Include="..\physics\oJointDef.cpp">
      <Filter>physics</Filter>
    </ClCompile>
    <ClCompile Include="..\misc\oAsync.cpp">
      <Filter>misc</Filter>
    </ClCompile>
    <ClCompile Include="..\audio\oAudio.cpp">
      <Filter>audio</Filter>
    </ClCompile>
  </ItemGroup>
  <ItemGroup>
    <ClInclude Include="..\const\oDefine.h">
      <Filter>const</Filter>
    </ClInclude>
    <ClInclude Include="..\const\oXml.h">
      <Filter>const</Filter>
    </ClInclude>
    <ClInclude Include="..\misc\oContent.h">
      <Filter>misc</Filter>
    </ClInclude>
    <ClInclude Include="..\misc\oHelper.h">
      <Filter>misc</Filter>
    </ClInclude>
    <ClInclude Include="..\misc\oIDisposable.h">
      <Filter>misc</Filter>
    </ClInclude>
    <ClInclude Include="..\misc\oLine.h">
      <Filter>misc</Filter>
    </ClInclude>
    <ClInclude Include="..\misc\oMemoryPool.h">
      <Filter>misc</Filter>
    </ClInclude>
    <ClInclude Include="..\misc\oNode3D.h">
      <Filter>misc</Filter>
    </ClInclude>
    <ClInclude Include="..\misc\oOwn.h">
      <Filter>misc</Filter>
    </ClInclude>
    <ClInclude Include="..\misc\oOwnVector.h">
      <Filter>misc</Filter>
    </ClInclude>
    <ClInclude Include="..\misc\oRef.h">
      <Filter>misc</Filter>
    </ClInclude>
    <ClInclude Include="..\misc\oRefVector.h">
      <Filter>misc</Filter>
    </ClInclude>
    <ClInclude Include="..\misc\oScriptHandler.h">
      <Filter>misc</Filter>
    </ClInclude>
    <ClInclude Include="..\misc\oVec2.h">
      <Filter>misc</Filter>
    </ClInclude>
    <ClInclude Include="..\misc\oWRef.h">
      <Filter>misc</Filter>
    </ClInclude>
    <ClInclude Include="..\misc\oWRefVector.h">
      <Filter>misc</Filter>
    </ClInclude>
    <ClInclude Include="..\misc\oXmlItemCache.h">
      <Filter>misc</Filter>
    </ClInclude>
    <ClInclude Include="..\model\oActionDuration.h">
      <Filter>model</Filter>
    </ClInclude>
    <ClInclude Include="..\model\oAnimation.h">
      <Filter>model</Filter>
    </ClInclude>
    <ClInclude Include="..\model\oClip.h">
      <Filter>model</Filter>
    </ClInclude>
    <ClInclude Include="..\model\oEase.h">
      <Filter>model</Filter>
    </ClInclude>
    <ClInclude Include="..\model\oFace.h">
      <Filter>model</Filter>
    </ClInclude>
    <ClInclude Include="..\model\oKeyFrame.h">
      <Filter>model</Filter>
    </ClInclude>
    <ClInclude Include="..\model\oKeyFrameDef.h">
      <Filter>model</Filter>
    </ClInclude>
    <ClInclude Include="..\model\oModel.h">
      <Filter>model</Filter>
    </ClInclude>
    <ClInclude Include="..\model\oModelAnimationDef.h">
      <Filter>model</Filter>
    </ClInclude>
    <ClInclude Include="..\model\oModelCache.h">
      <Filter>model</Filter>
    </ClInclude>
    <ClInclude Include="..\model\oModelDef.h">
      <Filter>model</Filter>
    </ClInclude>
    <ClInclude Include="..\model\oSequence.h">
      <Filter>model</Filter>
    </ClInclude>
    <ClInclude Include="..\other\AcfDelegate.h">
      <Filter>other</Filter>
    </ClInclude>
    <ClInclude Include="..\other\AcfDelegateTemplate.h">
      <Filter>other</Filter>
    </ClInclude>
    <ClInclude Include="..\other\DebugDraw.h">
      <Filter>other</Filter>
    </ClInclude>
    <ClInclude Include="..\other\Property.h">
      <Filter>other</Filter>
    </ClInclude>
    <ClInclude Include="..\other\tinydir.h">
      <Filter>other</Filter>
    </ClInclude>
    <ClInclude Include="..\platform\oAction.h">
      <Filter>platform</Filter>
    </ClInclude>
    <ClInclude Include="..\platform\oAI.h">
      <Filter>platform</Filter>
    </ClInclude>
    <ClInclude Include="..\platform\oAINode.h">
      <Filter>platform</Filter>
    </ClInclude>
    <ClInclude Include="..\platform\oBullet.h">
      <Filter>platform</Filter>
    </ClInclude>
    <ClInclude Include="..\platform\oBulletDef.h">
      <Filter>platform</Filter>
    </ClInclude>
    <ClInclude Include="..\platform\oCamera.h">
      <Filter>platform</Filter>
    </ClInclude>
    <ClInclude Include="..\platform\oData.h">
      <Filter>platform</Filter>
    </ClInclude>
    <ClInclude Include="..\platform\oPlatformDefine.h">
      <Filter>platform</Filter>
    </ClInclude>
    <ClInclude Include="..\platform\oPlatformWorld.h">
      <Filter>platform</Filter>
    </ClInclude>
    <ClInclude Include="..\platform\oProperty.h">
      <Filter>platform</Filter>
    </ClInclude>
    <ClInclude Include="..\platform\oUnit.h">
      <Filter>platform</Filter>
    </ClInclude>
    <ClInclude Include="..\platform\oUnitDef.h">
      <Filter>platform</Filter>
    </ClInclude>
    <ClInclude Include="..\effect\oEffectCache.h">
      <Filter>effect</Filter>
    </ClInclude>
    <ClInclude Include="..\effect\oParticleCache.h">
      <Filter>effect</Filter>
    </ClInclude>
    <ClInclude Include="..\physics\oBody.h">
      <Filter>physics</Filter>
    </ClInclude>
    <ClInclude Include="..\physics\oBodyDef.h">
      <Filter>physics</Filter>
    </ClInclude>
    <ClInclude Include="..\physics\oJoint.h">
      <Filter>physics</Filter>
    </ClInclude>
    <ClInclude Include="..\physics\oSensor.h">
      <Filter>physics</Filter>
    </ClInclude>
    <ClInclude Include="..\physics\oWorld.h">
      <Filter>physics</Filter>
    </ClInclude>
    <ClInclude Include="..\event\oEvent.h">
      <Filter>event</Filter>
    </ClInclude>
    <ClInclude Include="..\event\oEventType.h">
      <Filter>event</Filter>
    </ClInclude>
    <ClInclude Include="..\event\oListener.h">
      <Filter>event</Filter>
    </ClInclude>
    <ClInclude Include="..\other\mkdir.h">
      <Filter>other</Filter>
    </ClInclude>
    <ClInclude Include="..\physics\oJointDef.h">
      <Filter>physics</Filter>
    </ClInclude>
    <ClInclude Include="..\misc\oAsync.h">
      <Filter>misc</Filter>
    </ClInclude>
    <ClInclude Include="..\audio\oAudio.h">
      <Filter>audio</Filter>
    </ClInclude>
    <ClInclude Include=".\Dorothy.h" />
  </ItemGroup>
</Project>